schema: '2.0'
stages:
  pull_data:
    cmd: dvc pull
  val_model:
    cmd: python val_model.py
    deps:
    - path: val_model.py
      hash: md5
      md5: ebfa7d45ee3066aed3c1f3442a4c1c36
      size: 493
    outs:
    - path: metrics.json
      hash: md5
      md5: cbe32edeb541a92257a1cc8c08952912
      size: 650
